// !$*UTF8*$!
{
	archiveVersion = 1;
	classes = {
	};
	objectVersion = 46;
	objects = {

/* Begin PBXBuildFile section */
		6474CBF619BCE019003C94E2 /* AVFoundation.framework in Frameworks */ = {isa = PBXBuildFile; fileRef = 6474CBF019BCE00B003C94E2 /* AVFoundation.framework */; };
		6474CBF719BCE019003C94E2 /* CoreMedia.framework in Frameworks */ = {isa = PBXBuildFile; fileRef = 6474CBF119BCE00B003C94E2 /* CoreMedia.framework */; };
		6474CBF819BCE019003C94E2 /* QuartzCore.framework in Frameworks */ = {isa = PBXBuildFile; fileRef = 6474CBF219BCE00B003C94E2 /* QuartzCore.framework */; };
		BBAB23CB13894F3D00AA2426 /* GLUT.framework in CopyFiles */ = {isa = PBXBuildFile; fileRef = BBAB23BE13894E4700AA2426 /* GLUT.framework */; };
		DD78C4D41A11DEAC00186203 /* ofxSniffer.cpp in Sources */ = {isa = PBXBuildFile; fileRef = DD78C4801A11DEAC00186203 /* ofxSniffer.cpp */; };
		DD78C4D51A11DEAC00186203 /* libpcap.a in Frameworks */ = {isa = PBXBuildFile; fileRef = DD78C4871A11DEAC00186203 /* libpcap.a */; };
		DD78C4D61A11DEAC00186203 /* libtins.a in Frameworks */ = {isa = PBXBuildFile; fileRef = DD78C4D31A11DEAC00186203 /* libtins.a */; };
		E4328149138ABC9F0047C5CB /* openFrameworksDebug.a in Frameworks */ = {isa = PBXBuildFile; fileRef = E4328148138ABC890047C5CB /* openFrameworksDebug.a */; };
		E45BE97B0E8CC7DD009D7055 /* AGL.framework in Frameworks */ = {isa = PBXBuildFile; fileRef = E45BE9710E8CC7DD009D7055 /* AGL.framework */; };
		E45BE97C0E8CC7DD009D7055 /* ApplicationServices.framework in Frameworks */ = {isa = PBXBuildFile; fileRef = E45BE9720E8CC7DD009D7055 /* ApplicationServices.framework */; };
		E45BE97D0E8CC7DD009D7055 /* AudioToolbox.framework in Frameworks */ = {isa = PBXBuildFile; fileRef = E45BE9730E8CC7DD009D7055 /* AudioToolbox.framework */; };
		E45BE97F0E8CC7DD009D7055 /* CoreAudio.framework in Frameworks */ = {isa = PBXBuildFile; fileRef = E45BE9750E8CC7DD009D7055 /* CoreAudio.framework */; };
		E45BE9800E8CC7DD009D7055 /* CoreFoundation.framework in Frameworks */ = {isa = PBXBuildFile; fileRef = E45BE9760E8CC7DD009D7055 /* CoreFoundation.framework */; };
		E45BE9810E8CC7DD009D7055 /* CoreServices.framework in Frameworks */ = {isa = PBXBuildFile; fileRef = E45BE9770E8CC7DD009D7055 /* CoreServices.framework */; };
		E45BE9830E8CC7DD009D7055 /* OpenGL.framework in Frameworks */ = {isa = PBXBuildFile; fileRef = E45BE9790E8CC7DD009D7055 /* OpenGL.framework */; };
		E45BE9840E8CC7DD009D7055 /* QuickTime.framework in Frameworks */ = {isa = PBXBuildFile; fileRef = E45BE97A0E8CC7DD009D7055 /* QuickTime.framework */; };
		E4B69E200A3A1BDC003C02F2 /* main.cpp in Sources */ = {isa = PBXBuildFile; fileRef = E4B69E1D0A3A1BDC003C02F2 /* main.cpp */; };
		E4B69E210A3A1BDC003C02F2 /* ofApp.cpp in Sources */ = {isa = PBXBuildFile; fileRef = E4B69E1E0A3A1BDC003C02F2 /* ofApp.cpp */; };
		E4C2424710CC5A17004149E2 /* AppKit.framework in Frameworks */ = {isa = PBXBuildFile; fileRef = E4C2424410CC5A17004149E2 /* AppKit.framework */; };
		E4C2424810CC5A17004149E2 /* Cocoa.framework in Frameworks */ = {isa = PBXBuildFile; fileRef = E4C2424510CC5A17004149E2 /* Cocoa.framework */; };
		E4C2424910CC5A17004149E2 /* IOKit.framework in Frameworks */ = {isa = PBXBuildFile; fileRef = E4C2424610CC5A17004149E2 /* IOKit.framework */; };
		E4EB6799138ADC1D00A09F29 /* GLUT.framework in Frameworks */ = {isa = PBXBuildFile; fileRef = BBAB23BE13894E4700AA2426 /* GLUT.framework */; };
		E7E077E515D3B63C0020DFD4 /* CoreVideo.framework in Frameworks */ = {isa = PBXBuildFile; fileRef = E7E077E415D3B63C0020DFD4 /* CoreVideo.framework */; };
		E7E077E815D3B6510020DFD4 /* QTKit.framework in Frameworks */ = {isa = PBXBuildFile; fileRef = E7E077E715D3B6510020DFD4 /* QTKit.framework */; };
		E7F985F815E0DEA3003869B5 /* Accelerate.framework in Frameworks */ = {isa = PBXBuildFile; fileRef = E7F985F515E0DE99003869B5 /* Accelerate.framework */; };
/* End PBXBuildFile section */

/* Begin PBXContainerItemProxy section */
		E4328147138ABC890047C5CB /* PBXContainerItemProxy */ = {
			isa = PBXContainerItemProxy;
			containerPortal = E4328143138ABC890047C5CB /* openFrameworksLib.xcodeproj */;
			proxyType = 2;
			remoteGlobalIDString = E4B27C1510CBEB8E00536013;
			remoteInfo = openFrameworks;
		};
		E4EEB9AB138B136A00A80321 /* PBXContainerItemProxy */ = {
			isa = PBXContainerItemProxy;
			containerPortal = E4328143138ABC890047C5CB /* openFrameworksLib.xcodeproj */;
			proxyType = 1;
			remoteGlobalIDString = E4B27C1410CBEB8E00536013;
			remoteInfo = openFrameworks;
		};
/* End PBXContainerItemProxy section */

/* Begin PBXCopyFilesBuildPhase section */
		E4C2427710CC5ABF004149E2 /* CopyFiles */ = {
			isa = PBXCopyFilesBuildPhase;
			buildActionMask = 2147483647;
			dstPath = "";
			dstSubfolderSpec = 10;
			files = (
				BBAB23CB13894F3D00AA2426 /* GLUT.framework in CopyFiles */,
			);
			runOnlyForDeploymentPostprocessing = 0;
		};
/* End PBXCopyFilesBuildPhase section */

/* Begin PBXFileReference section */
		6474CBF019BCE00B003C94E2 /* AVFoundation.framework */ = {isa = PBXFileReference; lastKnownFileType = wrapper.framework; name = AVFoundation.framework; path = System/Library/Frameworks/AVFoundation.framework; sourceTree = SDKROOT; };
		6474CBF119BCE00B003C94E2 /* CoreMedia.framework */ = {isa = PBXFileReference; lastKnownFileType = wrapper.framework; name = CoreMedia.framework; path = System/Library/Frameworks/CoreMedia.framework; sourceTree = SDKROOT; };
		6474CBF219BCE00B003C94E2 /* QuartzCore.framework */ = {isa = PBXFileReference; lastKnownFileType = wrapper.framework; name = QuartzCore.framework; path = System/Library/Frameworks/QuartzCore.framework; sourceTree = SDKROOT; };
		BBAB23BE13894E4700AA2426 /* GLUT.framework */ = {isa = PBXFileReference; lastKnownFileType = wrapper.framework; name = GLUT.framework; path = ../../../libs/glut/lib/osx/GLUT.framework; sourceTree = "<group>"; };
		DD78C4801A11DEAC00186203 /* ofxSniffer.cpp */ = {isa = PBXFileReference; lastKnownFileType = sourcecode.cpp.cpp; path = ofxSniffer.cpp; sourceTree = "<group>"; };
		DD78C4811A11DEAC00186203 /* ofxSniffer.h */ = {isa = PBXFileReference; lastKnownFileType = sourcecode.c.h; path = ofxSniffer.h; sourceTree = "<group>"; };
		DD78C4821A11DEAC00186203 /* ofxSnifferHttpPacket.h */ = {isa = PBXFileReference; lastKnownFileType = sourcecode.c.h; path = ofxSnifferHttpPacket.h; sourceTree = "<group>"; };
		DD78C4871A11DEAC00186203 /* libpcap.a */ = {isa = PBXFileReference; lastKnownFileType = archive.ar; path = libpcap.a; sourceTree = "<group>"; };
		DD78C48A1A11DEAC00186203 /* address_range.h */ = {isa = PBXFileReference; lastKnownFileType = sourcecode.c.h; path = address_range.h; sourceTree = "<group>"; };
		DD78C48B1A11DEAC00186203 /* arp.h */ = {isa = PBXFileReference; lastKnownFileType = sourcecode.c.h; path = arp.h; sourceTree = "<group>"; };
		DD78C48C1A11DEAC00186203 /* bootp.h */ = {isa = PBXFileReference; lastKnownFileType = sourcecode.c.h; path = bootp.h; sourceTree = "<group>"; };
		DD78C48D1A11DEAC00186203 /* CMakeLists.txt */ = {isa = PBXFileReference; lastKnownFileType = text; path = CMakeLists.txt; sourceTree = "<group>"; };
		DD78C48E1A11DEAC00186203 /* config.h */ = {isa = PBXFileReference; lastKnownFileType = sourcecode.c.h; path = config.h; sourceTree = "<group>"; };
		DD78C48F1A11DEAC00186203 /* config.h.in */ = {isa = PBXFileReference; lastKnownFileType = text; path = config.h.in; sourceTree = "<group>"; };
		DD78C4901A11DEAC00186203 /* constants.h */ = {isa = PBXFileReference; lastKnownFileType = sourcecode.c.h; path = constants.h; sourceTree = "<group>"; };
		DD78C4911A11DEAC00186203 /* crypto.h */ = {isa = PBXFileReference; lastKnownFileType = sourcecode.c.h; path = crypto.h; sourceTree = "<group>"; };
		DD78C4921A11DEAC00186203 /* cxxstd.h */ = {isa = PBXFileReference; lastKnownFileType = sourcecode.c.h; path = cxxstd.h; sourceTree = "<group>"; };
		DD78C4931A11DEAC00186203 /* data_link_type.h */ = {isa = PBXFileReference; lastKnownFileType = sourcecode.c.h; path = data_link_type.h; sourceTree = "<group>"; };
		DD78C4941A11DEAC00186203 /* dhcp.h */ = {isa = PBXFileReference; lastKnownFileType = sourcecode.c.h; path = dhcp.h; sourceTree = "<group>"; };
		DD78C4951A11DEAC00186203 /* dhcpv6.h */ = {isa = PBXFileReference; lastKnownFileType = sourcecode.c.h; path = dhcpv6.h; sourceTree = "<group>"; };
		DD78C4961A11DEAC00186203 /* dns.h */ = {isa = PBXFileReference; lastKnownFileType = sourcecode.c.h; path = dns.h; sourceTree = "<group>"; };
		DD78C4981A11DEAC00186203 /* CMakeLists.txt */ = {isa = PBXFileReference; lastKnownFileType = text; path = CMakeLists.txt; sourceTree = "<group>"; };
		DD78C4991A11DEAC00186203 /* dot11_assoc.h */ = {isa = PBXFileReference; lastKnownFileType = sourcecode.c.h; path = dot11_assoc.h; sourceTree = "<group>"; };
		DD78C49A1A11DEAC00186203 /* dot11_auth.h */ = {isa = PBXFileReference; lastKnownFileType = sourcecode.c.h; path = dot11_auth.h; sourceTree = "<group>"; };
		DD78C49B1A11DEAC00186203 /* dot11_base.h */ = {isa = PBXFileReference; lastKnownFileType = sourcecode.c.h; path = dot11_base.h; sourceTree = "<group>"; };
		DD78C49C1A11DEAC00186203 /* dot11_beacon.h */ = {isa = PBXFileReference; lastKnownFileType = sourcecode.c.h; path = dot11_beacon.h; sourceTree = "<group>"; };
		DD78C49D1A11DEAC00186203 /* dot11_control.h */ = {isa = PBXFileReference; lastKnownFileType = sourcecode.c.h; path = dot11_control.h; sourceTree = "<group>"; };
		DD78C49E1A11DEAC00186203 /* dot11_data.h */ = {isa = PBXFileReference; lastKnownFileType = sourcecode.c.h; path = dot11_data.h; sourceTree = "<group>"; };
		DD78C49F1A11DEAC00186203 /* dot11_mgmt.h */ = {isa = PBXFileReference; lastKnownFileType = sourcecode.c.h; path = dot11_mgmt.h; sourceTree = "<group>"; };
		DD78C4A01A11DEAC00186203 /* dot11_probe.h */ = {isa = PBXFileReference; lastKnownFileType = sourcecode.c.h; path = dot11_probe.h; sourceTree = "<group>"; };
		DD78C4A11A11DEAC00186203 /* dot11.h */ = {isa = PBXFileReference; lastKnownFileType = sourcecode.c.h; path = dot11.h; sourceTree = "<group>"; };
		DD78C4A21A11DEAC00186203 /* dot1q.h */ = {isa = PBXFileReference; lastKnownFileType = sourcecode.c.h; path = dot1q.h; sourceTree = "<group>"; };
		DD78C4A31A11DEAC00186203 /* dot3.h */ = {isa = PBXFileReference; lastKnownFileType = sourcecode.c.h; path = dot3.h; sourceTree = "<group>"; };
		DD78C4A41A11DEAC00186203 /* eapol.h */ = {isa = PBXFileReference; lastKnownFileType = sourcecode.c.h; path = eapol.h; sourceTree = "<group>"; };
		DD78C4A51A11DEAC00186203 /* endianness.h */ = {isa = PBXFileReference; lastKnownFileType = sourcecode.c.h; path = endianness.h; sourceTree = "<group>"; };
		DD78C4A61A11DEAC00186203 /* ethernetII.h */ = {isa = PBXFileReference; lastKnownFileType = sourcecode.c.h; path = ethernetII.h; sourceTree = "<group>"; };
		DD78C4A71A11DEAC00186203 /* exceptions.h */ = {isa = PBXFileReference; lastKnownFileType = sourcecode.c.h; path = exceptions.h; sourceTree = "<group>"; };
		DD78C4A81A11DEAC00186203 /* handshake_capturer.h */ = {isa = PBXFileReference; lastKnownFileType = sourcecode.c.h; path = handshake_capturer.h; sourceTree = "<group>"; };
		DD78C4A91A11DEAC00186203 /* hw_address.h */ = {isa = PBXFileReference; lastKnownFileType = sourcecode.c.h; path = hw_address.h; sourceTree = "<group>"; };
		DD78C4AA1A11DEAC00186203 /* icmp.h */ = {isa = PBXFileReference; lastKnownFileType = sourcecode.c.h; path = icmp.h; sourceTree = "<group>"; };
		DD78C4AB1A11DEAC00186203 /* icmpv6.h */ = {isa = PBXFileReference; lastKnownFileType = sourcecode.c.h; path = icmpv6.h; sourceTree = "<group>"; };
		DD78C4AC1A11DEAC00186203 /* ieee802_3.h */ = {isa = PBXFileReference; lastKnownFileType = sourcecode.c.h; path = ieee802_3.h; sourceTree = "<group>"; };
		DD78C4AD1A11DEAC00186203 /* internals.h */ = {isa = PBXFileReference; lastKnownFileType = sourcecode.c.h; path = internals.h; sourceTree = "<group>"; };
		DD78C4AE1A11DEAC00186203 /* ip.h */ = {isa = PBXFileReference; lastKnownFileType = sourcecode.c.h; path = ip.h; sourceTree = "<group>"; };
		DD78C4AF1A11DEAC00186203 /* ip_address.h */ = {isa = PBXFileReference; lastKnownFileType = sourcecode.c.h; path = ip_address.h; sourceTree = "<group>"; };
		DD78C4B01A11DEAC00186203 /* ip_reassembler.h */ = {isa = PBXFileReference; lastKnownFileType = sourcecode.c.h; path = ip_reassembler.h; sourceTree = "<group>"; };
		DD78C4B11A11DEAC00186203 /* ipsec.h */ = {isa = PBXFileReference; lastKnownFileType = sourcecode.c.h; path = ipsec.h; sourceTree = "<group>"; };
		DD78C4B21A11DEAC00186203 /* ipv6.h */ = {isa = PBXFileReference; lastKnownFileType = sourcecode.c.h; path = ipv6.h; sourceTree = "<group>"; };
		DD78C4B31A11DEAC00186203 /* ipv6_address.h */ = {isa = PBXFileReference; lastKnownFileType = sourcecode.c.h; path = ipv6_address.h; sourceTree = "<group>"; };
		DD78C4B51A11DEAC00186203 /* llc.h */ = {isa = PBXFileReference; lastKnownFileType = sourcecode.c.h; path = llc.h; sourceTree = "<group>"; };
		DD78C4B61A11DEAC00186203 /* loopback.h */ = {isa = PBXFileReference; lastKnownFileType = sourcecode.c.h; path = loopback.h; sourceTree = "<group>"; };
		DD78C4B71A11DEAC00186203 /* macros.h */ = {isa = PBXFileReference; lastKnownFileType = sourcecode.c.h; path = macros.h; sourceTree = "<group>"; };
		DD78C4B81A11DEAC00186203 /* network_interface.h */ = {isa = PBXFileReference; lastKnownFileType = sourcecode.c.h; path = network_interface.h; sourceTree = "<group>"; };
		DD78C4B91A11DEAC00186203 /* offline_packet_filter.h */ = {isa = PBXFileReference; lastKnownFileType = sourcecode.c.h; path = offline_packet_filter.h; sourceTree = "<group>"; };
		DD78C4BA1A11DEAC00186203 /* packet.h */ = {isa = PBXFileReference; lastKnownFileType = sourcecode.c.h; path = packet.h; sourceTree = "<group>"; };
		DD78C4BB1A11DEAC00186203 /* packet_sender.h */ = {isa = PBXFileReference; lastKnownFileType = sourcecode.c.h; path = packet_sender.h; sourceTree = "<group>"; };
		DD78C4BC1A11DEAC00186203 /* packet_writer.h */ = {isa = PBXFileReference; lastKnownFileType = sourcecode.c.h; path = packet_writer.h; sourceTree = "<group>"; };
		DD78C4BD1A11DEAC00186203 /* pdu.h */ = {isa = PBXFileReference; lastKnownFileType = sourcecode.c.h; path = pdu.h; sourceTree = "<group>"; };
		DD78C4BE1A11DEAC00186203 /* pdu_allocator.h */ = {isa = PBXFileReference; lastKnownFileType = sourcecode.c.h; path = pdu_allocator.h; sourceTree = "<group>"; };
		DD78C4BF1A11DEAC00186203 /* pdu_cacher.h */ = {isa = PBXFileReference; lastKnownFileType = sourcecode.c.h; path = pdu_cacher.h; sourceTree = "<group>"; };
		DD78C4C01A11DEAC00186203 /* pdu_option.h */ = {isa = PBXFileReference; lastKnownFileType = sourcecode.c.h; path = pdu_option.h; sourceTree = "<group>"; };
		DD78C4C11A11DEAC00186203 /* ppi.h */ = {isa = PBXFileReference; lastKnownFileType = sourcecode.c.h; path = ppi.h; sourceTree = "<group>"; };
		DD78C4C21A11DEAC00186203 /* pppoe.h */ = {isa = PBXFileReference; lastKnownFileType = sourcecode.c.h; path = pppoe.h; sourceTree = "<group>"; };
		DD78C4C31A11DEAC00186203 /* radiotap.h */ = {isa = PBXFileReference; lastKnownFileType = sourcecode.c.h; path = radiotap.h; sourceTree = "<group>"; };
		DD78C4C41A11DEAC00186203 /* rawpdu.h */ = {isa = PBXFileReference; lastKnownFileType = sourcecode.c.h; path = rawpdu.h; sourceTree = "<group>"; };
		DD78C4C51A11DEAC00186203 /* rsn_information.h */ = {isa = PBXFileReference; lastKnownFileType = sourcecode.c.h; path = rsn_information.h; sourceTree = "<group>"; };
		DD78C4C61A11DEAC00186203 /* sll.h */ = {isa = PBXFileReference; lastKnownFileType = sourcecode.c.h; path = sll.h; sourceTree = "<group>"; };
		DD78C4C71A11DEAC00186203 /* small_uint.h */ = {isa = PBXFileReference; lastKnownFileType = sourcecode.c.h; path = small_uint.h; sourceTree = "<group>"; };
		DD78C4C81A11DEAC00186203 /* snap.h */ = {isa = PBXFileReference; lastKnownFileType = sourcecode.c.h; path = snap.h; sourceTree = "<group>"; };
		DD78C4C91A11DEAC00186203 /* sniffer.h */ = {isa = PBXFileReference; lastKnownFileType = sourcecode.c.h; path = sniffer.h; sourceTree = "<group>"; };
		DD78C4CA1A11DEAC00186203 /* stp.h */ = {isa = PBXFileReference; lastKnownFileType = sourcecode.c.h; path = stp.h; sourceTree = "<group>"; };
		DD78C4CB1A11DEAC00186203 /* tcp.h */ = {isa = PBXFileReference; lastKnownFileType = sourcecode.c.h; path = tcp.h; sourceTree = "<group>"; };
		DD78C4CC1A11DEAC00186203 /* tcp_stream.h */ = {isa = PBXFileReference; lastKnownFileType = sourcecode.c.h; path = tcp_stream.h; sourceTree = "<group>"; };
		DD78C4CD1A11DEAC00186203 /* timestamp.h */ = {isa = PBXFileReference; lastKnownFileType = sourcecode.c.h; path = timestamp.h; sourceTree = "<group>"; };
		DD78C4CE1A11DEAC00186203 /* tins.h */ = {isa = PBXFileReference; lastKnownFileType = sourcecode.c.h; path = tins.h; sourceTree = "<group>"; };
		DD78C4CF1A11DEAC00186203 /* udp.h */ = {isa = PBXFileReference; lastKnownFileType = sourcecode.c.h; path = udp.h; sourceTree = "<group>"; };
		DD78C4D01A11DEAC00186203 /* utils.h */ = {isa = PBXFileReference; lastKnownFileType = sourcecode.c.h; path = utils.h; sourceTree = "<group>"; };
		DD78C4D31A11DEAC00186203 /* libtins.a */ = {isa = PBXFileReference; lastKnownFileType = archive.ar; path = libtins.a; sourceTree = "<group>"; };
		E4328143138ABC890047C5CB /* openFrameworksLib.xcodeproj */ = {isa = PBXFileReference; lastKnownFileType = "wrapper.pb-project"; name = openFrameworksLib.xcodeproj; path = ../../../libs/openFrameworksCompiled/project/osx/openFrameworksLib.xcodeproj; sourceTree = SOURCE_ROOT; };
		E45BE9710E8CC7DD009D7055 /* AGL.framework */ = {isa = PBXFileReference; lastKnownFileType = wrapper.framework; name = AGL.framework; path = /System/Library/Frameworks/AGL.framework; sourceTree = "<absolute>"; };
		E45BE9720E8CC7DD009D7055 /* ApplicationServices.framework */ = {isa = PBXFileReference; lastKnownFileType = wrapper.framework; name = ApplicationServices.framework; path = /System/Library/Frameworks/ApplicationServices.framework; sourceTree = "<absolute>"; };
		E45BE9730E8CC7DD009D7055 /* AudioToolbox.framework */ = {isa = PBXFileReference; lastKnownFileType = wrapper.framework; name = AudioToolbox.framework; path = /System/Library/Frameworks/AudioToolbox.framework; sourceTree = "<absolute>"; };
		E45BE9750E8CC7DD009D7055 /* CoreAudio.framework */ = {isa = PBXFileReference; lastKnownFileType = wrapper.framework; name = CoreAudio.framework; path = /System/Library/Frameworks/CoreAudio.framework; sourceTree = "<absolute>"; };
		E45BE9760E8CC7DD009D7055 /* CoreFoundation.framework */ = {isa = PBXFileReference; lastKnownFileType = wrapper.framework; name = CoreFoundation.framework; path = /System/Library/Frameworks/CoreFoundation.framework; sourceTree = "<absolute>"; };
		E45BE9770E8CC7DD009D7055 /* CoreServices.framework */ = {isa = PBXFileReference; lastKnownFileType = wrapper.framework; name = CoreServices.framework; path = /System/Library/Frameworks/CoreServices.framework; sourceTree = "<absolute>"; };
		E45BE9790E8CC7DD009D7055 /* OpenGL.framework */ = {isa = PBXFileReference; lastKnownFileType = wrapper.framework; name = OpenGL.framework; path = /System/Library/Frameworks/OpenGL.framework; sourceTree = "<absolute>"; };
		E45BE97A0E8CC7DD009D7055 /* QuickTime.framework */ = {isa = PBXFileReference; lastKnownFileType = wrapper.framework; name = QuickTime.framework; path = /System/Library/Frameworks/QuickTime.framework; sourceTree = "<absolute>"; };
		E4B69B5B0A3A1756003C02F2 /* example_sniffingDebug.app */ = {isa = PBXFileReference; explicitFileType = wrapper.application; includeInIndex = 0; path = example_sniffingDebug.app; sourceTree = BUILT_PRODUCTS_DIR; };
		E4B69E1D0A3A1BDC003C02F2 /* main.cpp */ = {isa = PBXFileReference; fileEncoding = 30; lastKnownFileType = sourcecode.cpp.cpp; name = main.cpp; path = src/main.cpp; sourceTree = SOURCE_ROOT; };
		E4B69E1E0A3A1BDC003C02F2 /* ofApp.cpp */ = {isa = PBXFileReference; explicitFileType = sourcecode.cpp.cpp; fileEncoding = 30; name = ofApp.cpp; path = src/ofApp.cpp; sourceTree = SOURCE_ROOT; };
		E4B69E1F0A3A1BDC003C02F2 /* ofApp.h */ = {isa = PBXFileReference; fileEncoding = 30; lastKnownFileType = sourcecode.c.h; name = ofApp.h; path = src/ofApp.h; sourceTree = SOURCE_ROOT; };
		E4B6FCAD0C3E899E008CF71C /* openFrameworks-Info.plist */ = {isa = PBXFileReference; fileEncoding = 30; lastKnownFileType = text.plist.xml; path = "openFrameworks-Info.plist"; sourceTree = "<group>"; };
		E4C2424410CC5A17004149E2 /* AppKit.framework */ = {isa = PBXFileReference; lastKnownFileType = wrapper.framework; name = AppKit.framework; path = /System/Library/Frameworks/AppKit.framework; sourceTree = "<absolute>"; };
		E4C2424510CC5A17004149E2 /* Cocoa.framework */ = {isa = PBXFileReference; lastKnownFileType = wrapper.framework; name = Cocoa.framework; path = /System/Library/Frameworks/Cocoa.framework; sourceTree = "<absolute>"; };
		E4C2424610CC5A17004149E2 /* IOKit.framework */ = {isa = PBXFileReference; lastKnownFileType = wrapper.framework; name = IOKit.framework; path = /System/Library/Frameworks/IOKit.framework; sourceTree = "<absolute>"; };
		E4EB691F138AFCF100A09F29 /* CoreOF.xcconfig */ = {isa = PBXFileReference; fileEncoding = 4; lastKnownFileType = text.xcconfig; name = CoreOF.xcconfig; path = ../../../libs/openFrameworksCompiled/project/osx/CoreOF.xcconfig; sourceTree = SOURCE_ROOT; };
		E4EB6923138AFD0F00A09F29 /* Project.xcconfig */ = {isa = PBXFileReference; fileEncoding = 4; lastKnownFileType = text.xcconfig; path = Project.xcconfig; sourceTree = "<group>"; };
		E7E077E415D3B63C0020DFD4 /* CoreVideo.framework */ = {isa = PBXFileReference; lastKnownFileType = wrapper.framework; name = CoreVideo.framework; path = /System/Library/Frameworks/CoreVideo.framework; sourceTree = "<absolute>"; };
		E7E077E715D3B6510020DFD4 /* QTKit.framework */ = {isa = PBXFileReference; lastKnownFileType = wrapper.framework; name = QTKit.framework; path = /System/Library/Frameworks/QTKit.framework; sourceTree = "<absolute>"; };
		E7F985F515E0DE99003869B5 /* Accelerate.framework */ = {isa = PBXFileReference; lastKnownFileType = wrapper.framework; name = Accelerate.framework; path = /System/Library/Frameworks/Accelerate.framework; sourceTree = "<absolute>"; };
/* End PBXFileReference section */

/* Begin PBXFrameworksBuildPhase section */
		E4B69B590A3A1756003C02F2 /* Frameworks */ = {
			isa = PBXFrameworksBuildPhase;
			buildActionMask = 2147483647;
			files = (
				6474CBF619BCE019003C94E2 /* AVFoundation.framework in Frameworks */,
				6474CBF719BCE019003C94E2 /* CoreMedia.framework in Frameworks */,
				6474CBF819BCE019003C94E2 /* QuartzCore.framework in Frameworks */,
				E7F985F815E0DEA3003869B5 /* Accelerate.framework in Frameworks */,
				E7E077E815D3B6510020DFD4 /* QTKit.framework in Frameworks */,
				E4EB6799138ADC1D00A09F29 /* GLUT.framework in Frameworks */,
				E4328149138ABC9F0047C5CB /* openFrameworksDebug.a in Frameworks */,
				E45BE97B0E8CC7DD009D7055 /* AGL.framework in Frameworks */,
				E45BE97C0E8CC7DD009D7055 /* ApplicationServices.framework in Frameworks */,
				E45BE97D0E8CC7DD009D7055 /* AudioToolbox.framework in Frameworks */,
				E45BE97F0E8CC7DD009D7055 /* CoreAudio.framework in Frameworks */,
				DD78C4D51A11DEAC00186203 /* libpcap.a in Frameworks */,
				E45BE9800E8CC7DD009D7055 /* CoreFoundation.framework in Frameworks */,
				E45BE9810E8CC7DD009D7055 /* CoreServices.framework in Frameworks */,
				E45BE9830E8CC7DD009D7055 /* OpenGL.framework in Frameworks */,
				E45BE9840E8CC7DD009D7055 /* QuickTime.framework in Frameworks */,
				E4C2424710CC5A17004149E2 /* AppKit.framework in Frameworks */,
				E4C2424810CC5A17004149E2 /* Cocoa.framework in Frameworks */,
				E4C2424910CC5A17004149E2 /* IOKit.framework in Frameworks */,
				E7E077E515D3B63C0020DFD4 /* CoreVideo.framework in Frameworks */,
				DD78C4D61A11DEAC00186203 /* libtins.a in Frameworks */,
			);
			runOnlyForDeploymentPostprocessing = 0;
		};
/* End PBXFrameworksBuildPhase section */

/* Begin PBXGroup section */
		BB4B014C10F69532006C3DED /* addons */ = {
			isa = PBXGroup;
			children = (
				DD78C47E1A11DEAC00186203 /* ofxSniffer */,
			);
			name = addons;
			sourceTree = "<group>";
		};
		BBAB23C913894ECA00AA2426 /* system frameworks */ = {
			isa = PBXGroup;
			children = (
				6474CBF019BCE00B003C94E2 /* AVFoundation.framework */,
				6474CBF119BCE00B003C94E2 /* CoreMedia.framework */,
				6474CBF219BCE00B003C94E2 /* QuartzCore.framework */,
				E7F985F515E0DE99003869B5 /* Accelerate.framework */,
				E4C2424410CC5A17004149E2 /* AppKit.framework */,
				E4C2424510CC5A17004149E2 /* Cocoa.framework */,
				E4C2424610CC5A17004149E2 /* IOKit.framework */,
				E45BE9710E8CC7DD009D7055 /* AGL.framework */,
				E45BE9720E8CC7DD009D7055 /* ApplicationServices.framework */,
				E45BE9730E8CC7DD009D7055 /* AudioToolbox.framework */,
				E45BE9750E8CC7DD009D7055 /* CoreAudio.framework */,
				E45BE9760E8CC7DD009D7055 /* CoreFoundation.framework */,
				E45BE9770E8CC7DD009D7055 /* CoreServices.framework */,
				E45BE9790E8CC7DD009D7055 /* OpenGL.framework */,
				E45BE97A0E8CC7DD009D7055 /* QuickTime.framework */,
				E7E077E415D3B63C0020DFD4 /* CoreVideo.framework */,
				E7E077E715D3B6510020DFD4 /* QTKit.framework */,
			);
			name = "system frameworks";
			sourceTree = "<group>";
		};
		BBAB23CA13894EDB00AA2426 /* 3rd party frameworks */ = {
			isa = PBXGroup;
			children = (
				BBAB23BE13894E4700AA2426 /* GLUT.framework */,
			);
			name = "3rd party frameworks";
			sourceTree = "<group>";
		};
		DD78C47E1A11DEAC00186203 /* ofxSniffer */ = {
			isa = PBXGroup;
			children = (
				DD78C47F1A11DEAC00186203 /* src */,
				DD78C4831A11DEAC00186203 /* libs */,
			);
			name = ofxSniffer;
			sourceTree = "<group>";
		};
		DD78C47F1A11DEAC00186203 /* src */ = {
			isa = PBXGroup;
			children = (
				DD78C4801A11DEAC00186203 /* ofxSniffer.cpp */,
				DD78C4811A11DEAC00186203 /* ofxSniffer.h */,
				DD78C4821A11DEAC00186203 /* ofxSnifferHttpPacket.h */,
			);
			name = src;
			path = ../src;
			sourceTree = "<group>";
		};
		DD78C4831A11DEAC00186203 /* libs */ = {
			isa = PBXGroup;
			children = (
				DD78C4841A11DEAC00186203 /* libpcap */,
				DD78C4881A11DEAC00186203 /* libtins */,
			);
			name = libs;
			path = ../libs;
			sourceTree = "<group>";
		};
		DD78C4841A11DEAC00186203 /* libpcap */ = {
			isa = PBXGroup;
			children = (
				DD78C4851A11DEAC00186203 /* lib */,
			);
			path = libpcap;
			sourceTree = "<group>";
		};
		DD78C4851A11DEAC00186203 /* lib */ = {
			isa = PBXGroup;
			children = (
				DD78C4861A11DEAC00186203 /* osx */,
			);
			path = lib;
			sourceTree = "<group>";
		};
		DD78C4861A11DEAC00186203 /* osx */ = {
			isa = PBXGroup;
			children = (
				DD78C4871A11DEAC00186203 /* libpcap.a */,
			);
			path = osx;
			sourceTree = "<group>";
		};
		DD78C4881A11DEAC00186203 /* libtins */ = {
			isa = PBXGroup;
			children = (
				DD78C4891A11DEAC00186203 /* include */,
				DD78C4D11A11DEAC00186203 /* lib */,
			);
			path = libtins;
			sourceTree = "<group>";
		};
		DD78C4891A11DEAC00186203 /* include */ = {
			isa = PBXGroup;
			children = (
				DD78C48A1A11DEAC00186203 /* address_range.h */,
				DD78C48B1A11DEAC00186203 /* arp.h */,
				DD78C48C1A11DEAC00186203 /* bootp.h */,
				DD78C48D1A11DEAC00186203 /* CMakeLists.txt */,
				DD78C48E1A11DEAC00186203 /* config.h */,
				DD78C48F1A11DEAC00186203 /* config.h.in */,
				DD78C4901A11DEAC00186203 /* constants.h */,
				DD78C4911A11DEAC00186203 /* crypto.h */,
				DD78C4921A11DEAC00186203 /* cxxstd.h */,
				DD78C4931A11DEAC00186203 /* data_link_type.h */,
				DD78C4941A11DEAC00186203 /* dhcp.h */,
				DD78C4951A11DEAC00186203 /* dhcpv6.h */,
				DD78C4961A11DEAC00186203 /* dns.h */,
				DD78C4971A11DEAC00186203 /* dot11 */,
				DD78C4A11A11DEAC00186203 /* dot11.h */,
				DD78C4A21A11DEAC00186203 /* dot1q.h */,
				DD78C4A31A11DEAC00186203 /* dot3.h */,
				DD78C4A41A11DEAC00186203 /* eapol.h */,
				DD78C4A51A11DEAC00186203 /* endianness.h */,
				DD78C4A61A11DEAC00186203 /* ethernetII.h */,
				DD78C4A71A11DEAC00186203 /* exceptions.h */,
				DD78C4A81A11DEAC00186203 /* handshake_capturer.h */,
				DD78C4A91A11DEAC00186203 /* hw_address.h */,
				DD78C4AA1A11DEAC00186203 /* icmp.h */,
				DD78C4AB1A11DEAC00186203 /* icmpv6.h */,
				DD78C4AC1A11DEAC00186203 /* ieee802_3.h */,
				DD78C4AD1A11DEAC00186203 /* internals.h */,
				DD78C4AE1A11DEAC00186203 /* ip.h */,
				DD78C4AF1A11DEAC00186203 /* ip_address.h */,
				DD78C4B01A11DEAC00186203 /* ip_reassembler.h */,
				DD78C4B11A11DEAC00186203 /* ipsec.h */,
				DD78C4B21A11DEAC00186203 /* ipv6.h */,
				DD78C4B31A11DEAC00186203 /* ipv6_address.h */,
				DD78C4B41A11DEAC00186203 /* libtins */,
				DD78C4B51A11DEAC00186203 /* llc.h */,
				DD78C4B61A11DEAC00186203 /* loopback.h */,
				DD78C4B71A11DEAC00186203 /* macros.h */,
				DD78C4B81A11DEAC00186203 /* network_interface.h */,
				DD78C4B91A11DEAC00186203 /* offline_packet_filter.h */,
				DD78C4BA1A11DEAC00186203 /* packet.h */,
				DD78C4BB1A11DEAC00186203 /* packet_sender.h */,
				DD78C4BC1A11DEAC00186203 /* packet_writer.h */,
				DD78C4BD1A11DEAC00186203 /* pdu.h */,
				DD78C4BE1A11DEAC00186203 /* pdu_allocator.h */,
				DD78C4BF1A11DEAC00186203 /* pdu_cacher.h */,
				DD78C4C01A11DEAC00186203 /* pdu_option.h */,
				DD78C4C11A11DEAC00186203 /* ppi.h */,
				DD78C4C21A11DEAC00186203 /* pppoe.h */,
				DD78C4C31A11DEAC00186203 /* radiotap.h */,
				DD78C4C41A11DEAC00186203 /* rawpdu.h */,
				DD78C4C51A11DEAC00186203 /* rsn_information.h */,
				DD78C4C61A11DEAC00186203 /* sll.h */,
				DD78C4C71A11DEAC00186203 /* small_uint.h */,
				DD78C4C81A11DEAC00186203 /* snap.h */,
				DD78C4C91A11DEAC00186203 /* sniffer.h */,
				DD78C4CA1A11DEAC00186203 /* stp.h */,
				DD78C4CB1A11DEAC00186203 /* tcp.h */,
				DD78C4CC1A11DEAC00186203 /* tcp_stream.h */,
				DD78C4CD1A11DEAC00186203 /* timestamp.h */,
				DD78C4CE1A11DEAC00186203 /* tins.h */,
				DD78C4CF1A11DEAC00186203 /* udp.h */,
				DD78C4D01A11DEAC00186203 /* utils.h */,
			);
			path = include;
			sourceTree = "<group>";
		};
		DD78C4971A11DEAC00186203 /* dot11 */ = {
			isa = PBXGroup;
			children = (
				DD78C4981A11DEAC00186203 /* CMakeLists.txt */,
				DD78C4991A11DEAC00186203 /* dot11_assoc.h */,
				DD78C49A1A11DEAC00186203 /* dot11_auth.h */,
				DD78C49B1A11DEAC00186203 /* dot11_base.h */,
				DD78C49C1A11DEAC00186203 /* dot11_beacon.h */,
				DD78C49D1A11DEAC00186203 /* dot11_control.h */,
				DD78C49E1A11DEAC00186203 /* dot11_data.h */,
				DD78C49F1A11DEAC00186203 /* dot11_mgmt.h */,
				DD78C4A01A11DEAC00186203 /* dot11_probe.h */,
			);
			path = dot11;
			sourceTree = "<group>";
		};
		DD78C4B41A11DEAC00186203 /* libtins */ = {
			isa = PBXGroup;
			children = (
			);
			path = libtins;
			sourceTree = "<group>";
		};
		DD78C4D11A11DEAC00186203 /* lib */ = {
			isa = PBXGroup;
			children = (
				DD78C4D21A11DEAC00186203 /* osx */,
			);
			path = lib;
			sourceTree = "<group>";
		};
		DD78C4D21A11DEAC00186203 /* osx */ = {
			isa = PBXGroup;
			children = (
				DD78C4D31A11DEAC00186203 /* libtins.a */,
			);
			path = osx;
			sourceTree = "<group>";
		};
		E4328144138ABC890047C5CB /* Products */ = {
			isa = PBXGroup;
			children = (
				E4328148138ABC890047C5CB /* openFrameworksDebug.a */,
			);
			name = Products;
			sourceTree = "<group>";
		};
		E45BE5980E8CC70C009D7055 /* frameworks */ = {
			isa = PBXGroup;
			children = (
				BBAB23CA13894EDB00AA2426 /* 3rd party frameworks */,
				BBAB23C913894ECA00AA2426 /* system frameworks */,
			);
			name = frameworks;
			sourceTree = "<group>";
		};
		E4B69B4A0A3A1720003C02F2 = {
			isa = PBXGroup;
			children = (
				E4B6FCAD0C3E899E008CF71C /* openFrameworks-Info.plist */,
				E4EB6923138AFD0F00A09F29 /* Project.xcconfig */,
				E4B69E1C0A3A1BDC003C02F2 /* src */,
				E4EEC9E9138DF44700A80321 /* openFrameworks */,
				BB4B014C10F69532006C3DED /* addons */,
				E45BE5980E8CC70C009D7055 /* frameworks */,
				E4B69B5B0A3A1756003C02F2 /* example_sniffingDebug.app */,
			);
			sourceTree = "<group>";
		};
		E4B69E1C0A3A1BDC003C02F2 /* src */ = {
			isa = PBXGroup;
			children = (
				E4B69E1D0A3A1BDC003C02F2 /* main.cpp */,
				E4B69E1E0A3A1BDC003C02F2 /* ofApp.cpp */,
				E4B69E1F0A3A1BDC003C02F2 /* ofApp.h */,
			);
			path = src;
			sourceTree = SOURCE_ROOT;
		};
		E4EEC9E9138DF44700A80321 /* openFrameworks */ = {
			isa = PBXGroup;
			children = (
				E4EB691F138AFCF100A09F29 /* CoreOF.xcconfig */,
				E4328143138ABC890047C5CB /* openFrameworksLib.xcodeproj */,
			);
			name = openFrameworks;
			sourceTree = "<group>";
		};
/* End PBXGroup section */

/* Begin PBXNativeTarget section */
		E4B69B5A0A3A1756003C02F2 /* example_sniffing */ = {
			isa = PBXNativeTarget;
			buildConfigurationList = E4B69B5F0A3A1757003C02F2 /* Build configuration list for PBXNativeTarget "example_sniffing" */;
			buildPhases = (
				E4B69B580A3A1756003C02F2 /* Sources */,
				E4B69B590A3A1756003C02F2 /* Frameworks */,
				E4B6FFFD0C3F9AB9008CF71C /* ShellScript */,
				E4C2427710CC5ABF004149E2 /* CopyFiles */,
			);
			buildRules = (
			);
			dependencies = (
				E4EEB9AC138B136A00A80321 /* PBXTargetDependency */,
			);
			name = example_sniffing;
			productName = myOFApp;
			productReference = E4B69B5B0A3A1756003C02F2 /* example_sniffingDebug.app */;
			productType = "com.apple.product-type.application";
		};
/* End PBXNativeTarget section */

/* Begin PBXProject section */
		E4B69B4C0A3A1720003C02F2 /* Project object */ = {
			isa = PBXProject;
			attributes = {
				LastUpgradeCheck = 0460;
			};
			buildConfigurationList = E4B69B4D0A3A1720003C02F2 /* Build configuration list for PBXProject "example_sniffing" */;
			compatibilityVersion = "Xcode 3.2";
			developmentRegion = English;
			hasScannedForEncodings = 0;
			knownRegions = (
				English,
				Japanese,
				French,
				German,
			);
			mainGroup = E4B69B4A0A3A1720003C02F2;
			productRefGroup = E4B69B4A0A3A1720003C02F2;
			projectDirPath = "";
			projectReferences = (
				{
					ProductGroup = E4328144138ABC890047C5CB /* Products */;
					ProjectRef = E4328143138ABC890047C5CB /* openFrameworksLib.xcodeproj */;
				},
			);
			projectRoot = "";
			targets = (
				E4B69B5A0A3A1756003C02F2 /* example_sniffing */,
			);
		};
/* End PBXProject section */

/* Begin PBXReferenceProxy section */
		E4328148138ABC890047C5CB /* openFrameworksDebug.a */ = {
			isa = PBXReferenceProxy;
			fileType = archive.ar;
			path = openFrameworksDebug.a;
			remoteRef = E4328147138ABC890047C5CB /* PBXContainerItemProxy */;
			sourceTree = BUILT_PRODUCTS_DIR;
		};
/* End PBXReferenceProxy section */

/* Begin PBXShellScriptBuildPhase section */
		E4B6FFFD0C3F9AB9008CF71C /* ShellScript */ = {
			isa = PBXShellScriptBuildPhase;
			buildActionMask = 2147483647;
			files = (
			);
			inputPaths = (
			);
			outputPaths = (
			);
			runOnlyForDeploymentPostprocessing = 0;
			shellPath = /bin/sh;
			shellScript = "cp -f ../../../libs/fmodex/lib/osx/libfmodex.dylib \"$TARGET_BUILD_DIR/$PRODUCT_NAME.app/Contents/MacOS/libfmodex.dylib\"; install_name_tool -change ./libfmodex.dylib @executable_path/libfmodex.dylib \"$TARGET_BUILD_DIR/$PRODUCT_NAME.app/Contents/MacOS/$PRODUCT_NAME\";\nmkdir -p \"$TARGET_BUILD_DIR/$PRODUCT_NAME.app/Contents/Resources/\"\ncp -f \"$ICON_FILE\" \"$TARGET_BUILD_DIR/$PRODUCT_NAME.app/Contents/Resources/\"\n";
		};
/* End PBXShellScriptBuildPhase section */

/* Begin PBXSourcesBuildPhase section */
		E4B69B580A3A1756003C02F2 /* Sources */ = {
			isa = PBXSourcesBuildPhase;
			buildActionMask = 2147483647;
			files = (
				E4B69E200A3A1BDC003C02F2 /* main.cpp in Sources */,
				DD78C4D41A11DEAC00186203 /* ofxSniffer.cpp in Sources */,
				E4B69E210A3A1BDC003C02F2 /* ofApp.cpp in Sources */,
			);
			runOnlyForDeploymentPostprocessing = 0;
		};
/* End PBXSourcesBuildPhase section */

/* Begin PBXTargetDependency section */
		E4EEB9AC138B136A00A80321 /* PBXTargetDependency */ = {
			isa = PBXTargetDependency;
			name = openFrameworks;
			targetProxy = E4EEB9AB138B136A00A80321 /* PBXContainerItemProxy */;
		};
/* End PBXTargetDependency section */

/* Begin XCBuildConfiguration section */
		E4B69B4E0A3A1720003C02F2 /* Debug */ = {
			isa = XCBuildConfiguration;
			baseConfigurationReference = E4EB6923138AFD0F00A09F29 /* Project.xcconfig */;
			buildSettings = {
				ARCHS = "$(NATIVE_ARCH)";
				CONFIGURATION_BUILD_DIR = "$(SRCROOT)/bin/";
				COPY_PHASE_STRIP = NO;
				DEAD_CODE_STRIPPING = YES;
				GCC_AUTO_VECTORIZATION = YES;
				GCC_ENABLE_SSE3_EXTENSIONS = YES;
				GCC_ENABLE_SUPPLEMENTAL_SSE3_INSTRUCTIONS = YES;
				GCC_INLINES_ARE_PRIVATE_EXTERN = NO;
				GCC_OPTIMIZATION_LEVEL = 0;
				GCC_SYMBOLS_PRIVATE_EXTERN = NO;
				GCC_WARN_ABOUT_DEPRECATED_FUNCTIONS = YES;
				GCC_WARN_ABOUT_INVALID_OFFSETOF_MACRO = NO;
				GCC_WARN_ALLOW_INCOMPLETE_PROTOCOL = NO;
				GCC_WARN_UNINITIALIZED_AUTOS = NO;
				GCC_WARN_UNUSED_VALUE = NO;
				GCC_WARN_UNUSED_VARIABLE = NO;
				HEADER_SEARCH_PATHS = (
					"$(OF_CORE_HEADERS)",
					../../../addons/ofxSniffer/libs,
					../../../addons/ofxSniffer/libs/libpcap,
					../../../addons/ofxSniffer/libs/libpcap/lib,
					../../../addons/ofxSniffer/libs/libpcap/lib/osx,
					../../../addons/ofxSniffer/libs/libtins,
					../../../addons/ofxSniffer/libs/libtins/include,
					../../../addons/ofxSniffer/libs/libtins/include/dot11,
					../../../addons/ofxSniffer/libs/libtins/include/libtins,
					../../../addons/ofxSniffer/libs/libtins/lib,
					../../../addons/ofxSniffer/libs/libtins/lib/osx,
					../../../addons/ofxSniffer/src,
				);
				MACOSX_DEPLOYMENT_TARGET = 10.6;
				OTHER_CPLUSPLUSFLAGS = (
					"-D__MACOSX_CORE__",
					"-lpthread",
					"-mtune=native",
				);
				OTHER_LDFLAGS = (
					"$(OF_CORE_LIBS)",
					../../../addons/ofxSniffer/libs/libpcap/lib/osx/libpcap.a,
					../../../addons/ofxSniffer/libs/libtins/lib/osx/libtins.a,
				);
				SDKROOT = macosx;
			};
			name = Debug;
		};
		E4B69B4F0A3A1720003C02F2 /* Release */ = {
			isa = XCBuildConfiguration;
			baseConfigurationReference = E4EB6923138AFD0F00A09F29 /* Project.xcconfig */;
			buildSettings = {
				ARCHS = "$(NATIVE_ARCH)";
				CONFIGURATION_BUILD_DIR = "$(SRCROOT)/bin/";
				COPY_PHASE_STRIP = YES;
				DEAD_CODE_STRIPPING = YES;
				GCC_AUTO_VECTORIZATION = YES;
				GCC_ENABLE_SSE3_EXTENSIONS = YES;
				GCC_ENABLE_SUPPLEMENTAL_SSE3_INSTRUCTIONS = YES;
				GCC_INLINES_ARE_PRIVATE_EXTERN = NO;
				GCC_OPTIMIZATION_LEVEL = 3;
				GCC_SYMBOLS_PRIVATE_EXTERN = NO;
				GCC_UNROLL_LOOPS = YES;
				GCC_WARN_ABOUT_DEPRECATED_FUNCTIONS = YES;
				GCC_WARN_ABOUT_INVALID_OFFSETOF_MACRO = NO;
				GCC_WARN_ALLOW_INCOMPLETE_PROTOCOL = NO;
				GCC_WARN_UNINITIALIZED_AUTOS = NO;
				GCC_WARN_UNUSED_VALUE = NO;
				GCC_WARN_UNUSED_VARIABLE = NO;
				HEADER_SEARCH_PATHS = (
					"$(OF_CORE_HEADERS)",
					../../../addons/ofxSniffer/libs,
					../../../addons/ofxSniffer/libs/libpcap,
					../../../addons/ofxSniffer/libs/libpcap/lib,
					../../../addons/ofxSniffer/libs/libpcap/lib/osx,
					../../../addons/ofxSniffer/libs/libtins,
					../../../addons/ofxSniffer/libs/libtins/include,
					../../../addons/ofxSniffer/libs/libtins/include/dot11,
					../../../addons/ofxSniffer/libs/libtins/include/libtins,
					../../../addons/ofxSniffer/libs/libtins/lib,
					../../../addons/ofxSniffer/libs/libtins/lib/osx,
					../../../addons/ofxSniffer/src,
				);
				MACOSX_DEPLOYMENT_TARGET = 10.6;
				OTHER_CPLUSPLUSFLAGS = (
					"-D__MACOSX_CORE__",
					"-lpthread",
					"-mtune=native",
				);
				OTHER_LDFLAGS = (
					"$(OF_CORE_LIBS)",
					../../../addons/ofxSniffer/libs/libpcap/lib/osx/libpcap.a,
					../../../addons/ofxSniffer/libs/libtins/lib/osx/libtins.a,
				);
				SDKROOT = macosx;
			};
			name = Release;
		};
		E4B69B600A3A1757003C02F2 /* Debug */ = {
			isa = XCBuildConfiguration;
			buildSettings = {
				COMBINE_HIDPI_IMAGES = YES;
				COPY_PHASE_STRIP = NO;
				FRAMEWORK_SEARCH_PATHS = (
					"$(inherited)",
					"$(FRAMEWORK_SEARCH_PATHS_QUOTED_FOR_TARGET_1)",
				);
				FRAMEWORK_SEARCH_PATHS_QUOTED_FOR_TARGET_1 = "\"$(SRCROOT)/../../../libs/glut/lib/osx\"";
				GCC_DYNAMIC_NO_PIC = NO;
				GCC_GENERATE_DEBUGGING_SYMBOLS = YES;
				GCC_MODEL_TUNING = NONE;
				ICON = "$(ICON_NAME_DEBUG)";
				ICON_FILE = "$(ICON_FILE_PATH)$(ICON)";
				INFOPLIST_FILE = "openFrameworks-Info.plist";
				INSTALL_PATH = "$(HOME)/Applications";
				LIBRARY_SEARCH_PATHS = (
					"$(inherited)",
					../../../addons/ofxSniffer/libs/libpcap/lib/osx,
					../../../addons/ofxSniffer/libs/libtins/lib/osx,
				);
				PRODUCT_NAME = "$(TARGET_NAME)Debug";
				USER_HEADER_SEARCH_PATHS = ../libs/libtins/include/;
				WRAPPER_EXTENSION = app;
			};
			name = Debug;
		};
		E4B69B610A3A1757003C02F2 /* Release */ = {
			isa = XCBuildConfiguration;
			buildSettings = {
				COMBINE_HIDPI_IMAGES = YES;
				COPY_PHASE_STRIP = YES;
				FRAMEWORK_SEARCH_PATHS = (
					"$(inherited)",
					"$(FRAMEWORK_SEARCH_PATHS_QUOTED_FOR_TARGET_1)",
				);
				FRAMEWORK_SEARCH_PATHS_QUOTED_FOR_TARGET_1 = "\"$(SRCROOT)/../../../libs/glut/lib/osx\"";
				GCC_GENERATE_DEBUGGING_SYMBOLS = YES;
				GCC_MODEL_TUNING = NONE;
				ICON = "$(ICON_NAME_RELEASE)";
				ICON_FILE = "$(ICON_FILE_PATH)$(ICON)";
				INFOPLIST_FILE = "openFrameworks-Info.plist";
				INSTALL_PATH = "$(HOME)/Applications";
				LIBRARY_SEARCH_PATHS = (
					"$(inherited)",
					../../../addons/ofxSniffer/libs/libpcap/lib/osx,
					../../../addons/ofxSniffer/libs/libtins/lib/osx,
				);
				PRODUCT_NAME = "$(TARGET_NAME)";
				USER_HEADER_SEARCH_PATHS = ../libs/libtins/include/;
				WRAPPER_EXTENSION = app;
			};
			name = Release;
		};
/* End XCBuildConfiguration section */

/* Begin XCConfigurationList section */
		E4B69B4D0A3A1720003C02F2 /* Build configuration list for PBXProject "example_sniffing" */ = {
			isa = XCConfigurationList;
			buildConfigurations = (
				E4B69B4E0A3A1720003C02F2 /* Debug */,
				E4B69B4F0A3A1720003C02F2 /* Release */,
			);
			defaultConfigurationIsVisible = 0;
			defaultConfigurationName = Release;
		};
		E4B69B5F0A3A1757003C02F2 /* Build configuration list for PBXNativeTarget "example_sniffing" */ = {
			isa = XCConfigurationList;
			buildConfigurations = (
				E4B69B600A3A1757003C02F2 /* Debug */,
				E4B69B610A3A1757003C02F2 /* Release */,
			);
			defaultConfigurationIsVisible = 0;
			defaultConfigurationName = Release;
		};
/* End XCConfigurationList section */
	};
	rootObject = E4B69B4C0A3A1720003C02F2 /* Project object */;
}
